
Microsoft Visual Studio Solution File, Format Version 12.00
# Visual Studio Version 17
VisualStudioVersion = 17.13.35931.197 d17.13
MinimumVisualStudioVersion = 10.0.40219.1
Project("{FAE04EC0-301F-11D3-BF4B-00C04F79EFBC}") = "DeliveryLogisticsSystem", "DeliveryLogisticsSystem\DeliveryLogisticsSystem.csproj", "{0C8EF170-31EB-4B0A-8713-E1D9CC1A094D}"
EndProject
Global
	GlobalSection(SolutionConfigurationPlatforms) = preSolution
		Debug|Any CPU = Debug|Any CPU
		Release|Any CPU = Release|Any CPU
	EndGlobalSection
	GlobalSection(ProjectConfigurationPlatforms) = postSolution
		{0C8EF170-31EB-4B0A-8713-E1D9CC1A094D}.Debug|Any CPU.ActiveCfg = Debug|Any CPU
		{0C8EF170-31EB-4B0A-8713-E1D9CC1A094D}.Debug|Any CPU.Build.0 = Debug|Any CPU
		{0C8EF170-31EB-4B0A-8713-E1D9CC1A094D}.Release|Any CPU.ActiveCfg = Release|Any CPU
		{0C8EF170-31EB-4B0A-8713-E1D9CC1A094D}.Release|Any CPU.Build.0 = Release|Any CPU
	EndGlobalSection
	GlobalSection(SolutionProperties) = preSolution
		HideSolutionNode = FALSE
	EndGlobalSection
	GlobalSection(ExtensibilityGlobals) = postSolution
		SolutionGuid = {B47443B8-F95D-4670-866B-5EEC6576175F}
	EndGlobalSection
EndGlobal
